// !$*UTF8*$!
{
	archiveVersion = 1;
	classes = {
	};
	objectVersion = 50;
	objects = {

/* Begin PBXBuildFile section */
		B31236EC21D4C5FC00DB0A7F /* FLAnimatedImage.m in Sources */ = {isa = PBXBuildFile; fileRef = B31236E821D4C5FC00DB0A7F /* FLAnimatedImage.m */; };
		B31236ED21D4C5FC00DB0A7F /* FLAnimatedImageView.m in Sources */ = {isa = PBXBuildFile; fileRef = B31236E921D4C5FC00DB0A7F /* FLAnimatedImageView.m */; };
		B3201A0321BF89170035E846 /* UIImage+WebP.m in Sources */ = {isa = PBXBuildFile; fileRef = B32019C121BF89160035E846 /* UIImage+WebP.m */; };
		B3201A0421BF89170035E846 /* MKAnnotationView+WebCache.m in Sources */ = {isa = PBXBuildFile; fileRef = B32019C221BF89160035E846 /* MKAnnotationView+WebCache.m */; };
		B3201A0521BF89170035E846 /* SDWebImageManager.m in Sources */ = {isa = PBXBuildFile; fileRef = B32019C921BF89160035E846 /* SDWebImageManager.m */; };
		B3201A0621BF89170035E846 /* UIImageView+HighlightedWebCache.m in Sources */ = {isa = PBXBuildFile; fileRef = B32019CB21BF89160035E846 /* UIImageView+HighlightedWebCache.m */; };
		B3201A0721BF89170035E846 /* SDWebImageFrame.m in Sources */ = {isa = PBXBuildFile; fileRef = B32019CC21BF89160035E846 /* SDWebImageFrame.m */; };
		B3201A0821BF89170035E846 /* UIImage+ForceDecode.m in Sources */ = {isa = PBXBuildFile; fileRef = B32019CE21BF89160035E846 /* UIImage+ForceDecode.m */; };
		B3201A0921BF89170035E846 /* SDWebImageCodersManager.m in Sources */ = {isa = PBXBuildFile; fileRef = B32019D021BF89160035E846 /* SDWebImageCodersManager.m */; };
		B3201A0A21BF89170035E846 /* FLAnimatedImageView+WebCache.m in Sources */ = {isa = PBXBuildFile; fileRef = B32019D221BF89160035E846 /* FLAnimatedImageView+WebCache.m */; };
		B3201A0B21BF89170035E846 /* SDWebImageDownloader.m in Sources */ = {isa = PBXBuildFile; fileRef = B32019D421BF89160035E846 /* SDWebImageDownloader.m */; };
		B3201A0C21BF89170035E846 /* UIImage+GIF.m in Sources */ = {isa = PBXBuildFile; fileRef = B32019D721BF89160035E846 /* UIImage+GIF.m */; };
		B3201A0D21BF89170035E846 /* UIImage+MultiFormat.m in Sources */ = {isa = PBXBuildFile; fileRef = B32019D921BF89160035E846 /* UIImage+MultiFormat.m */; };
		B3201A0E21BF89170035E846 /* SDWebImageCoderHelper.m in Sources */ = {isa = PBXBuildFile; fileRef = B32019DA21BF89160035E846 /* SDWebImageCoderHelper.m */; };
		B3201A0F21BF89170035E846 /* SDWebImageCompat.m in Sources */ = {isa = PBXBuildFile; fileRef = B32019DB21BF89160035E846 /* SDWebImageCompat.m */; };
		B3201A1021BF89170035E846 /* SDWebImagePrefetcher.m in Sources */ = {isa = PBXBuildFile; fileRef = B32019DD21BF89160035E846 /* SDWebImagePrefetcher.m */; };
		B3201A1121BF89170035E846 /* SDWebImageCoder.m in Sources */ = {isa = PBXBuildFile; fileRef = B32019E021BF89160035E846 /* SDWebImageCoder.m */; };
		B3201A1221BF89170035E846 /* NSButton+WebCache.m in Sources */ = {isa = PBXBuildFile; fileRef = B32019E121BF89160035E846 /* NSButton+WebCache.m */; };
		B3201A1321BF89170035E846 /* SDAnimatedImageRep.m in Sources */ = {isa = PBXBuildFile; fileRef = B32019E421BF89160035E846 /* SDAnimatedImageRep.m */; };
		B3201A1421BF89170035E846 /* SDImageCache.m in Sources */ = {isa = PBXBuildFile; fileRef = B32019E521BF89160035E846 /* SDImageCache.m */; };
		B3201A1521BF89170035E846 /* SDWebImageDownloaderOperation.m in Sources */ = {isa = PBXBuildFile; fileRef = B32019E821BF89160035E846 /* SDWebImageDownloaderOperation.m */; };
		B3201A1621BF89170035E846 /* SDWebImageTransition.m in Sources */ = {isa = PBXBuildFile; fileRef = B32019E921BF89160035E846 /* SDWebImageTransition.m */; };
		B3201A1721BF89170035E846 /* NSData+ImageContentType.m in Sources */ = {isa = PBXBuildFile; fileRef = B32019EB21BF89160035E846 /* NSData+ImageContentType.m */; };
		B3201A1821BF89170035E846 /* UIImageView+WebCache.m in Sources */ = {isa = PBXBuildFile; fileRef = B32019EC21BF89160035E846 /* UIImageView+WebCache.m */; };
		B3201A1921BF89170035E846 /* NSImage+WebCache.m in Sources */ = {isa = PBXBuildFile; fileRef = B32019EE21BF89160035E846 /* NSImage+WebCache.m */; };
		B3201A1A21BF89170035E846 /* SDWebImageGIFCoder.m in Sources */ = {isa = PBXBuildFile; fileRef = B32019EF21BF89160035E846 /* SDWebImageGIFCoder.m */; };
		B3201A1B21BF89170035E846 /* SDImageCacheConfig.m in Sources */ = {isa = PBXBuildFile; fileRef = B32019F121BF89160035E846 /* SDImageCacheConfig.m */; };
		B3201A1C21BF89170035E846 /* UIView+WebCacheOperation.m in Sources */ = {isa = PBXBuildFile; fileRef = B32019F421BF89160035E846 /* UIView+WebCacheOperation.m */; };
		B3201A1D21BF89170035E846 /* UIView+WebCache.m in Sources */ = {isa = PBXBuildFile; fileRef = B32019F521BF89160035E846 /* UIView+WebCache.m */; };
		B3201A1E21BF89170035E846 /* SDWebImageImageIOCoder.m in Sources */ = {isa = PBXBuildFile; fileRef = B32019F721BF89160035E846 /* SDWebImageImageIOCoder.m */; };
		B3201A1F21BF89170035E846 /* UIButton+WebCache.m in Sources */ = {isa = PBXBuildFile; fileRef = B32019FB21BF89160035E846 /* UIButton+WebCache.m */; };
		B3201A2021BF89170035E846 /* SDWebImageWebPCoder.m in Sources */ = {isa = PBXBuildFile; fileRef = B32019FC21BF89160035E846 /* SDWebImageWebPCoder.m */; };
		B3201A8421BFB2710035E846 /* UIView+Frame.m in Sources */ = {isa = PBXBuildFile; fileRef = B3201A7D21BFB2710035E846 /* UIView+Frame.m */; };
		B3201A8521BFB2710035E846 /* PhotoBrowserViewController.m in Sources */ = {isa = PBXBuildFile; fileRef = B3201A8021BFB2710035E846 /* PhotoBrowserViewController.m */; };
		B3201A8621BFB2710035E846 /* PhotoBrowserWaitingView.m in Sources */ = {isa = PBXBuildFile; fileRef = B3201A8221BFB2710035E846 /* PhotoBrowserWaitingView.m */; };
		B3201A8721BFB2710035E846 /* PhotoBrowserCell.m in Sources */ = {isa = PBXBuildFile; fileRef = B3201A8321BFB2710035E846 /* PhotoBrowserCell.m */; };
		B32A4AF2218ACC3C00B72F8E /* AppDelegate.m in Sources */ = {isa = PBXBuildFile; fileRef = B32A4AF1218ACC3C00B72F8E /* AppDelegate.m */; };
		B32A4AF8218ACC3C00B72F8E /* Main.storyboard in Resources */ = {isa = PBXBuildFile; fileRef = B32A4AF6218ACC3C00B72F8E /* Main.storyboard */; };
		B32A4AFA218ACC4A00B72F8E /* Assets.xcassets in Resources */ = {isa = PBXBuildFile; fileRef = B32A4AF9218ACC4A00B72F8E /* Assets.xcassets */; };
		B32A4AFD218ACC4A00B72F8E /* LaunchScreen.storyboard in Resources */ = {isa = PBXBuildFile; fileRef = B32A4AFB218ACC4A00B72F8E /* LaunchScreen.storyboard */; };
		B32A4B00218ACC4A00B72F8E /* main.m in Sources */ = {isa = PBXBuildFile; fileRef = B32A4AFF218ACC4A00B72F8E /* main.m */; };
		B32A4B0A218ACC4A00B72F8E /* PhotoBrowserDemoTests.m in Sources */ = {isa = PBXBuildFile; fileRef = B32A4B09218ACC4A00B72F8E /* PhotoBrowserDemoTests.m */; };
		B32A4B15218ACC4A00B72F8E /* PhotoBrowserDemoUITests.m in Sources */ = {isa = PBXBuildFile; fileRef = B32A4B14218ACC4A00B72F8E /* PhotoBrowserDemoUITests.m */; };
		B3E3559E218AE8B900917197 /* RootViewController.m in Sources */ = {isa = PBXBuildFile; fileRef = B3E3559C218AE8B900917197 /* RootViewController.m */; };
		B3E3559F218AE8B900917197 /* RootViewController.xib in Resources */ = {isa = PBXBuildFile; fileRef = B3E3559D218AE8B900917197 /* RootViewController.xib */; };
/* End PBXBuildFile section */

/* Begin PBXContainerItemProxy section */
		B32A4B06218ACC4A00B72F8E /* PBXContainerItemProxy */ = {
			isa = PBXContainerItemProxy;
			containerPortal = B32A4AE5218ACC3B00B72F8E /* Project object */;
			proxyType = 1;
			remoteGlobalIDString = B32A4AEC218ACC3B00B72F8E;
			remoteInfo = PhotoBrowserDemo;
		};
		B32A4B11218ACC4A00B72F8E /* PBXContainerItemProxy */ = {
			isa = PBXContainerItemProxy;
			containerPortal = B32A4AE5218ACC3B00B72F8E /* Project object */;
			proxyType = 1;
			remoteGlobalIDString = B32A4AEC218ACC3B00B72F8E;
			remoteInfo = PhotoBrowserDemo;
		};
/* End PBXContainerItemProxy section */

/* Begin PBXFileReference section */
		B31236E821D4C5FC00DB0A7F /* FLAnimatedImage.m */ = {isa = PBXFileReference; fileEncoding = 4; lastKnownFileType = sourcecode.c.objc; path = FLAnimatedImage.m; sourceTree = "<group>"; };
		B31236E921D4C5FC00DB0A7F /* FLAnimatedImageView.m */ = {isa = PBXFileReference; fileEncoding = 4; lastKnownFileType = sourcecode.c.objc; path = FLAnimatedImageView.m; sourceTree = "<group>"; };
		B31236EA21D4C5FC00DB0A7F /* FLAnimatedImage.h */ = {isa = PBXFileReference; fileEncoding = 4; lastKnownFileType = sourcecode.c.h; path = FLAnimatedImage.h; sourceTree = "<group>"; };
		B31236EB21D4C5FC00DB0A7F /* FLAnimatedImageView.h */ = {isa = PBXFileReference; fileEncoding = 4; lastKnownFileType = sourcecode.c.h; path = FLAnimatedImageView.h; sourceTree = "<group>"; };
		B32019C021BF89160035E846 /* SDAnimatedImageRep.h */ = {isa = PBXFileReference; fileEncoding = 4; lastKnownFileType = sourcecode.c.h; path = SDAnimatedImageRep.h; sourceTree = "<group>"; };
		B32019C121BF89160035E846 /* UIImage+WebP.m */ = {isa = PBXFileReference; fileEncoding = 4; lastKnownFileType = sourcecode.c.objc; path = "UIImage+WebP.m"; sourceTree = "<group>"; };
		B32019C221BF89160035E846 /* MKAnnotationView+WebCache.m */ = {isa = PBXFileReference; fileEncoding = 4; lastKnownFileType = sourcecode.c.objc; path = "MKAnnotationView+WebCache.m"; sourceTree = "<group>"; };
		B32019C321BF89160035E846 /* NSButton+WebCache.h */ = {isa = PBXFileReference; fileEncoding = 4; lastKnownFileType = sourcecode.c.h; path = "NSButton+WebCache.h"; sourceTree = "<group>"; };
		B32019C421BF89160035E846 /* SDWebImageCoder.h */ = {isa = PBXFileReference; fileEncoding = 4; lastKnownFileType = sourcecode.c.h; path = SDWebImageCoder.h; sourceTree = "<group>"; };
		B32019C521BF89160035E846 /* NSImage+WebCache.h */ = {isa = PBXFileReference; fileEncoding = 4; lastKnownFileType = sourcecode.c.h; path = "NSImage+WebCache.h"; sourceTree = "<group>"; };
		B32019C621BF89160035E846 /* UIImageView+WebCache.h */ = {isa = PBXFileReference; fileEncoding = 4; lastKnownFileType = sourcecode.c.h; path = "UIImageView+WebCache.h"; sourceTree = "<group>"; };
		B32019C721BF89160035E846 /* NSData+ImageContentType.h */ = {isa = PBXFileReference; fileEncoding = 4; lastKnownFileType = sourcecode.c.h; path = "NSData+ImageContentType.h"; sourceTree = "<group>"; };
		B32019C821BF89160035E846 /* SDWebImageTransition.h */ = {isa = PBXFileReference; fileEncoding = 4; lastKnownFileType = sourcecode.c.h; path = SDWebImageTransition.h; sourceTree = "<group>"; };
		B32019C921BF89160035E846 /* SDWebImageManager.m */ = {isa = PBXFileReference; fileEncoding = 4; lastKnownFileType = sourcecode.c.objc; path = SDWebImageManager.m; sourceTree = "<group>"; };
		B32019CA21BF89160035E846 /* SDWebImageDownloaderOperation.h */ = {isa = PBXFileReference; fileEncoding = 4; lastKnownFileType = sourcecode.c.h; path = SDWebImageDownloaderOperation.h; sourceTree = "<group>"; };
		B32019CB21BF89160035E846 /* UIImageView+HighlightedWebCache.m */ = {isa = PBXFileReference; fileEncoding = 4; lastKnownFileType = sourcecode.c.objc; path = "UIImageView+HighlightedWebCache.m"; sourceTree = "<group>"; };
		B32019CC21BF89160035E846 /* SDWebImageFrame.m */ = {isa = PBXFileReference; fileEncoding = 4; lastKnownFileType = sourcecode.c.objc; path = SDWebImageFrame.m; sourceTree = "<group>"; };
		B32019CD21BF89160035E846 /* SDImageCache.h */ = {isa = PBXFileReference; fileEncoding = 4; lastKnownFileType = sourcecode.c.h; path = SDImageCache.h; sourceTree = "<group>"; };
		B32019CE21BF89160035E846 /* UIImage+ForceDecode.m */ = {isa = PBXFileReference; fileEncoding = 4; lastKnownFileType = sourcecode.c.objc; path = "UIImage+ForceDecode.m"; sourceTree = "<group>"; };
		B32019CF21BF89160035E846 /* SDImageCacheConfig.h */ = {isa = PBXFileReference; fileEncoding = 4; lastKnownFileType = sourcecode.c.h; path = SDImageCacheConfig.h; sourceTree = "<group>"; };
		B32019D021BF89160035E846 /* SDWebImageCodersManager.m */ = {isa = PBXFileReference; fileEncoding = 4; lastKnownFileType = sourcecode.c.objc; path = SDWebImageCodersManager.m; sourceTree = "<group>"; };
		B32019D221BF89160035E846 /* FLAnimatedImageView+WebCache.m */ = {isa = PBXFileReference; fileEncoding = 4; lastKnownFileType = sourcecode.c.objc; path = "FLAnimatedImageView+WebCache.m"; sourceTree = "<group>"; };
		B32019D321BF89160035E846 /* FLAnimatedImageView+WebCache.h */ = {isa = PBXFileReference; fileEncoding = 4; lastKnownFileType = sourcecode.c.h; path = "FLAnimatedImageView+WebCache.h"; sourceTree = "<group>"; };
		B32019D421BF89160035E846 /* SDWebImageDownloader.m */ = {isa = PBXFileReference; fileEncoding = 4; lastKnownFileType = sourcecode.c.objc; path = SDWebImageDownloader.m; sourceTree = "<group>"; };
		B32019D521BF89160035E846 /* SDWebImageGIFCoder.h */ = {isa = PBXFileReference; fileEncoding = 4; lastKnownFileType = sourcecode.c.h; path = SDWebImageGIFCoder.h; sourceTree = "<group>"; };
		B32019D621BF89160035E846 /* SDWebImageWebPCoder.h */ = {isa = PBXFileReference; fileEncoding = 4; lastKnownFileType = sourcecode.c.h; path = SDWebImageWebPCoder.h; sourceTree = "<group>"; };
		B32019D721BF89160035E846 /* UIImage+GIF.m */ = {isa = PBXFileReference; fileEncoding = 4; lastKnownFileType = sourcecode.c.objc; path = "UIImage+GIF.m"; sourceTree = "<group>"; };
		B32019D821BF89160035E846 /* UIButton+WebCache.h */ = {isa = PBXFileReference; fileEncoding = 4; lastKnownFileType = sourcecode.c.h; path = "UIButton+WebCache.h"; sourceTree = "<group>"; };
		B32019D921BF89160035E846 /* UIImage+MultiFormat.m */ = {isa = PBXFileReference; fileEncoding = 4; lastKnownFileType = sourcecode.c.objc; path = "UIImage+MultiFormat.m"; sourceTree = "<group>"; };
		B32019DA21BF89160035E846 /* SDWebImageCoderHelper.m */ = {isa = PBXFileReference; fileEncoding = 4; lastKnownFileType = sourcecode.c.objc; path = SDWebImageCoderHelper.m; sourceTree = "<group>"; };
		B32019DB21BF89160035E846 /* SDWebImageCompat.m */ = {isa = PBXFileReference; fileEncoding = 4; lastKnownFileType = sourcecode.c.objc; path = SDWebImageCompat.m; sourceTree = "<group>"; };
		B32019DC21BF89160035E846 /* SDWebImageImageIOCoder.h */ = {isa = PBXFileReference; fileEncoding = 4; lastKnownFileType = sourcecode.c.h; path = SDWebImageImageIOCoder.h; sourceTree = "<group>"; };
		B32019DD21BF89160035E846 /* SDWebImagePrefetcher.m */ = {isa = PBXFileReference; fileEncoding = 4; lastKnownFileType = sourcecode.c.objc; path = SDWebImagePrefetcher.m; sourceTree = "<group>"; };
		B32019DE21BF89160035E846 /* UIView+WebCache.h */ = {isa = PBXFileReference; fileEncoding = 4; lastKnownFileType = sourcecode.c.h; path = "UIView+WebCache.h"; sourceTree = "<group>"; };
		B32019DF21BF89160035E846 /* UIView+WebCacheOperation.h */ = {isa = PBXFileReference; fileEncoding = 4; lastKnownFileType = sourcecode.c.h; path = "UIView+WebCacheOperation.h"; sourceTree = "<group>"; };
		B32019E021BF89160035E846 /* SDWebImageCoder.m */ = {isa = PBXFileReference; fileEncoding = 4; lastKnownFileType = sourcecode.c.objc; path = SDWebImageCoder.m; sourceTree = "<group>"; };
		B32019E121BF89160035E846 /* NSButton+WebCache.m */ = {isa = PBXFileReference; fileEncoding = 4; lastKnownFileType = sourcecode.c.objc; path = "NSButton+WebCache.m"; sourceTree = "<group>"; };
		B32019E221BF89160035E846 /* MKAnnotationView+WebCache.h */ = {isa = PBXFileReference; fileEncoding = 4; lastKnownFileType = sourcecode.c.h; path = "MKAnnotationView+WebCache.h"; sourceTree = "<group>"; };
		B32019E321BF89160035E846 /* UIImage+WebP.h */ = {isa = PBXFileReference; fileEncoding = 4; lastKnownFileType = sourcecode.c.h; path = "UIImage+WebP.h"; sourceTree = "<group>"; };
		B32019E421BF89160035E846 /* SDAnimatedImageRep.m */ = {isa = PBXFileReference; fileEncoding = 4; lastKnownFileType = sourcecode.c.objc; path = SDAnimatedImageRep.m; sourceTree = "<group>"; };
		B32019E521BF89160035E846 /* SDImageCache.m */ = {isa = PBXFileReference; fileEncoding = 4; lastKnownFileType = sourcecode.c.objc; path = SDImageCache.m; sourceTree = "<group>"; };
		B32019E621BF89160035E846 /* SDWebImageFrame.h */ = {isa = PBXFileReference; fileEncoding = 4; lastKnownFileType = sourcecode.c.h; path = SDWebImageFrame.h; sourceTree = "<group>"; };
		B32019E721BF89160035E846 /* UIImageView+HighlightedWebCache.h */ = {isa = PBXFileReference; fileEncoding = 4; lastKnownFileType = sourcecode.c.h; path = "UIImageView+HighlightedWebCache.h"; sourceTree = "<group>"; };
		B32019E821BF89160035E846 /* SDWebImageDownloaderOperation.m */ = {isa = PBXFileReference; fileEncoding = 4; lastKnownFileType = sourcecode.c.objc; path = SDWebImageDownloaderOperation.m; sourceTree = "<group>"; };
		B32019E921BF89160035E846 /* SDWebImageTransition.m */ = {isa = PBXFileReference; fileEncoding = 4; lastKnownFileType = sourcecode.c.objc; path = SDWebImageTransition.m; sourceTree = "<group>"; };
		B32019EA21BF89160035E846 /* SDWebImageManager.h */ = {isa = PBXFileReference; fileEncoding = 4; lastKnownFileType = sourcecode.c.h; path = SDWebImageManager.h; sourceTree = "<group>"; };
		B32019EB21BF89160035E846 /* NSData+ImageContentType.m */ = {isa = PBXFileReference; fileEncoding = 4; lastKnownFileType = sourcecode.c.objc; path = "NSData+ImageContentType.m"; sourceTree = "<group>"; };
		B32019EC21BF89160035E846 /* UIImageView+WebCache.m */ = {isa = PBXFileReference; fileEncoding = 4; lastKnownFileType = sourcecode.c.objc; path = "UIImageView+WebCache.m"; sourceTree = "<group>"; };
		B32019ED21BF89160035E846 /* SDWebImageOperation.h */ = {isa = PBXFileReference; fileEncoding = 4; lastKnownFileType = sourcecode.c.h; path = SDWebImageOperation.h; sourceTree = "<group>"; };
		B32019EE21BF89160035E846 /* NSImage+WebCache.m */ = {isa = PBXFileReference; fileEncoding = 4; lastKnownFileType = sourcecode.c.objc; path = "NSImage+WebCache.m"; sourceTree = "<group>"; };
		B32019EF21BF89160035E846 /* SDWebImageGIFCoder.m */ = {isa = PBXFileReference; fileEncoding = 4; lastKnownFileType = sourcecode.c.objc; path = SDWebImageGIFCoder.m; sourceTree = "<group>"; };
		B32019F021BF89160035E846 /* SDWebImageDownloader.h */ = {isa = PBXFileReference; fileEncoding = 4; lastKnownFileType = sourcecode.c.h; path = SDWebImageDownloader.h; sourceTree = "<group>"; };
		B32019F121BF89160035E846 /* SDImageCacheConfig.m */ = {isa = PBXFileReference; fileEncoding = 4; lastKnownFileType = sourcecode.c.objc; path = SDImageCacheConfig.m; sourceTree = "<group>"; };
		B32019F221BF89160035E846 /* SDWebImageCodersManager.h */ = {isa = PBXFileReference; fileEncoding = 4; lastKnownFileType = sourcecode.c.h; path = SDWebImageCodersManager.h; sourceTree = "<group>"; };
		B32019F321BF89160035E846 /* UIImage+ForceDecode.h */ = {isa = PBXFileReference; fileEncoding = 4; lastKnownFileType = sourcecode.c.h; path = "UIImage+ForceDecode.h"; sourceTree = "<group>"; };
		B32019F421BF89160035E846 /* UIView+WebCacheOperation.m */ = {isa = PBXFileReference; fileEncoding = 4; lastKnownFileType = sourcecode.c.objc; path = "UIView+WebCacheOperation.m"; sourceTree = "<group>"; };
		B32019F521BF89160035E846 /* UIView+WebCache.m */ = {isa = PBXFileReference; fileEncoding = 4; lastKnownFileType = sourcecode.c.objc; path = "UIView+WebCache.m"; sourceTree = "<group>"; };
		B32019F621BF89160035E846 /* SDWebImagePrefetcher.h */ = {isa = PBXFileReference; fileEncoding = 4; lastKnownFileType = sourcecode.c.h; path = SDWebImagePrefetcher.h; sourceTree = "<group>"; };
		B32019F721BF89160035E846 /* SDWebImageImageIOCoder.m */ = {isa = PBXFileReference; fileEncoding = 4; lastKnownFileType = sourcecode.c.objc; path = SDWebImageImageIOCoder.m; sourceTree = "<group>"; };
		B32019F821BF89160035E846 /* SDWebImageCompat.h */ = {isa = PBXFileReference; fileEncoding = 4; lastKnownFileType = sourcecode.c.h; path = SDWebImageCompat.h; sourceTree = "<group>"; };
		B32019F921BF89160035E846 /* SDWebImageCoderHelper.h */ = {isa = PBXFileReference; fileEncoding = 4; lastKnownFileType = sourcecode.c.h; path = SDWebImageCoderHelper.h; sourceTree = "<group>"; };
		B32019FA21BF89160035E846 /* UIImage+MultiFormat.h */ = {isa = PBXFileReference; fileEncoding = 4; lastKnownFileType = sourcecode.c.h; path = "UIImage+MultiFormat.h"; sourceTree = "<group>"; };
		B32019FB21BF89160035E846 /* UIButton+WebCache.m */ = {isa = PBXFileReference; fileEncoding = 4; lastKnownFileType = sourcecode.c.objc; path = "UIButton+WebCache.m"; sourceTree = "<group>"; };
		B32019FC21BF89160035E846 /* SDWebImageWebPCoder.m */ = {isa = PBXFileReference; fileEncoding = 4; lastKnownFileType = sourcecode.c.objc; path = SDWebImageWebPCoder.m; sourceTree = "<group>"; };
		B32019FD21BF89160035E846 /* UIImage+GIF.h */ = {isa = PBXFileReference; fileEncoding = 4; lastKnownFileType = sourcecode.c.h; path = "UIImage+GIF.h"; sourceTree = "<group>"; };
		B3201A7C21BFB2710035E846 /* PhotoBrowserViewController.h */ = {isa = PBXFileReference; fileEncoding = 4; lastKnownFileType = sourcecode.c.h; path = PhotoBrowserViewController.h; sourceTree = "<group>"; };
		B3201A7D21BFB2710035E846 /* UIView+Frame.m */ = {isa = PBXFileReference; fileEncoding = 4; lastKnownFileType = sourcecode.c.objc; path = "UIView+Frame.m"; sourceTree = "<group>"; };
		B3201A7E21BFB2710035E846 /* PhotoBrowserCell.h */ = {isa = PBXFileReference; fileEncoding = 4; lastKnownFileType = sourcecode.c.h; path = PhotoBrowserCell.h; sourceTree = "<group>"; };
		B3201A7F21BFB2710035E846 /* PhotoBrowserWaitingView.h */ = {isa = PBXFileReference; fileEncoding = 4; lastKnownFileType = sourcecode.c.h; path = PhotoBrowserWaitingView.h; sourceTree = "<group>"; };
		B3201A8021BFB2710035E846 /* PhotoBrowserViewController.m */ = {isa = PBXFileReference; fileEncoding = 4; lastKnownFileType = sourcecode.c.objc; path = PhotoBrowserViewController.m; sourceTree = "<group>"; };
		B3201A8121BFB2710035E846 /* UIView+Frame.h */ = {isa = PBXFileReference; fileEncoding = 4; lastKnownFileType = sourcecode.c.h; path = "UIView+Frame.h"; sourceTree = "<group>"; };
		B3201A8221BFB2710035E846 /* PhotoBrowserWaitingView.m */ = {isa = PBXFileReference; fileEncoding = 4; lastKnownFileType = sourcecode.c.objc; path = PhotoBrowserWaitingView.m; sourceTree = "<group>"; };
		B3201A8321BFB2710035E846 /* PhotoBrowserCell.m */ = {isa = PBXFileReference; fileEncoding = 4; lastKnownFileType = sourcecode.c.objc; path = PhotoBrowserCell.m; sourceTree = "<group>"; };
		B32A4AED218ACC3B00B72F8E /* PhotoBrowserDemo.app */ = {isa = PBXFileReference; explicitFileType = wrapper.application; includeInIndex = 0; path = PhotoBrowserDemo.app; sourceTree = BUILT_PRODUCTS_DIR; };
		B32A4AF0218ACC3C00B72F8E /* AppDelegate.h */ = {isa = PBXFileReference; lastKnownFileType = sourcecode.c.h; path = AppDelegate.h; sourceTree = "<group>"; };
		B32A4AF1218ACC3C00B72F8E /* AppDelegate.m */ = {isa = PBXFileReference; lastKnownFileType = sourcecode.c.objc; path = AppDelegate.m; sourceTree = "<group>"; };
		B32A4AF7218ACC3C00B72F8E /* Base */ = {isa = PBXFileReference; lastKnownFileType = file.storyboard; name = Base; path = Base.lproj/Main.storyboard; sourceTree = "<group>"; };
		B32A4AF9218ACC4A00B72F8E /* Assets.xcassets */ = {isa = PBXFileReference; lastKnownFileType = folder.assetcatalog; path = Assets.xcassets; sourceTree = "<group>"; };
		B32A4AFC218ACC4A00B72F8E /* Base */ = {isa = PBXFileReference; lastKnownFileType = file.storyboard; name = Base; path = Base.lproj/LaunchScreen.storyboard; sourceTree = "<group>"; };
		B32A4AFE218ACC4A00B72F8E /* Info.plist */ = {isa = PBXFileReference; lastKnownFileType = text.plist.xml; path = Info.plist; sourceTree = "<group>"; };
		B32A4AFF218ACC4A00B72F8E /* main.m */ = {isa = PBXFileReference; lastKnownFileType = sourcecode.c.objc; path = main.m; sourceTree = "<group>"; };
		B32A4B05218ACC4A00B72F8E /* PhotoBrowserDemoTests.xctest */ = {isa = PBXFileReference; explicitFileType = wrapper.cfbundle; includeInIndex = 0; path = PhotoBrowserDemoTests.xctest; sourceTree = BUILT_PRODUCTS_DIR; };
		B32A4B09218ACC4A00B72F8E /* PhotoBrowserDemoTests.m */ = {isa = PBXFileReference; lastKnownFileType = sourcecode.c.objc; path = PhotoBrowserDemoTests.m; sourceTree = "<group>"; };
		B32A4B0B218ACC4A00B72F8E /* Info.plist */ = {isa = PBXFileReference; lastKnownFileType = text.plist.xml; path = Info.plist; sourceTree = "<group>"; };
		B32A4B10218ACC4A00B72F8E /* PhotoBrowserDemoUITests.xctest */ = {isa = PBXFileReference; explicitFileType = wrapper.cfbundle; includeInIndex = 0; path = PhotoBrowserDemoUITests.xctest; sourceTree = BUILT_PRODUCTS_DIR; };
		B32A4B14218ACC4A00B72F8E /* PhotoBrowserDemoUITests.m */ = {isa = PBXFileReference; lastKnownFileType = sourcecode.c.objc; path = PhotoBrowserDemoUITests.m; sourceTree = "<group>"; };
		B32A4B16218ACC4A00B72F8E /* Info.plist */ = {isa = PBXFileReference; lastKnownFileType = text.plist.xml; path = Info.plist; sourceTree = "<group>"; };
		B3E3559B218AE8B900917197 /* RootViewController.h */ = {isa = PBXFileReference; lastKnownFileType = sourcecode.c.h; path = RootViewController.h; sourceTree = "<group>"; };
		B3E3559C218AE8B900917197 /* RootViewController.m */ = {isa = PBXFileReference; lastKnownFileType = sourcecode.c.objc; path = RootViewController.m; sourceTree = "<group>"; };
		B3E3559D218AE8B900917197 /* RootViewController.xib */ = {isa = PBXFileReference; lastKnownFileType = file.xib; path = RootViewController.xib; sourceTree = "<group>"; };
/* End PBXFileReference section */

/* Begin PBXFrameworksBuildPhase section */
		B32A4AEA218ACC3B00B72F8E /* Frameworks */ = {
			isa = PBXFrameworksBuildPhase;
			buildActionMask = 2147483647;
			files = (
			);
			runOnlyForDeploymentPostprocessing = 0;
		};
		B32A4B02218ACC4A00B72F8E /* Frameworks */ = {
			isa = PBXFrameworksBuildPhase;
			buildActionMask = 2147483647;
			files = (
			);
			runOnlyForDeploymentPostprocessing = 0;
		};
		B32A4B0D218ACC4A00B72F8E /* Frameworks */ = {
			isa = PBXFrameworksBuildPhase;
			buildActionMask = 2147483647;
			files = (
			);
			runOnlyForDeploymentPostprocessing = 0;
		};
/* End PBXFrameworksBuildPhase section */

/* Begin PBXGroup section */
		B31236E721D4C5FC00DB0A7F /* FLAnimatedImage */ = {
			isa = PBXGroup;
			children = (
				B31236E821D4C5FC00DB0A7F /* FLAnimatedImage.m */,
				B31236E921D4C5FC00DB0A7F /* FLAnimatedImageView.m */,
				B31236EA21D4C5FC00DB0A7F /* FLAnimatedImage.h */,
				B31236EB21D4C5FC00DB0A7F /* FLAnimatedImageView.h */,
			);
			path = FLAnimatedImage;
			sourceTree = "<group>";
		};
		B32019BF21BF89160035E846 /* SDWebImage */ = {
			isa = PBXGroup;
			children = (
				B32019C021BF89160035E846 /* SDAnimatedImageRep.h */,
				B32019C121BF89160035E846 /* UIImage+WebP.m */,
				B32019C221BF89160035E846 /* MKAnnotationView+WebCache.m */,
				B32019C321BF89160035E846 /* NSButton+WebCache.h */,
				B32019C421BF89160035E846 /* SDWebImageCoder.h */,
				B32019C521BF89160035E846 /* NSImage+WebCache.h */,
				B32019C621BF89160035E846 /* UIImageView+WebCache.h */,
				B32019C721BF89160035E846 /* NSData+ImageContentType.h */,
				B32019C821BF89160035E846 /* SDWebImageTransition.h */,
				B32019C921BF89160035E846 /* SDWebImageManager.m */,
				B32019CA21BF89160035E846 /* SDWebImageDownloaderOperation.h */,
				B32019CB21BF89160035E846 /* UIImageView+HighlightedWebCache.m */,
				B32019CC21BF89160035E846 /* SDWebImageFrame.m */,
				B32019CD21BF89160035E846 /* SDImageCache.h */,
				B32019CE21BF89160035E846 /* UIImage+ForceDecode.m */,
				B32019CF21BF89160035E846 /* SDImageCacheConfig.h */,
				B32019D021BF89160035E846 /* SDWebImageCodersManager.m */,
				B32019D121BF89160035E846 /* FLAnimatedImage */,
				B32019D421BF89160035E846 /* SDWebImageDownloader.m */,
				B32019D521BF89160035E846 /* SDWebImageGIFCoder.h */,
				B32019D621BF89160035E846 /* SDWebImageWebPCoder.h */,
				B32019D721BF89160035E846 /* UIImage+GIF.m */,
				B32019D821BF89160035E846 /* UIButton+WebCache.h */,
				B32019D921BF89160035E846 /* UIImage+MultiFormat.m */,
				B32019DA21BF89160035E846 /* SDWebImageCoderHelper.m */,
				B32019DB21BF89160035E846 /* SDWebImageCompat.m */,
				B32019DC21BF89160035E846 /* SDWebImageImageIOCoder.h */,
				B32019DD21BF89160035E846 /* SDWebImagePrefetcher.m */,
				B32019DE21BF89160035E846 /* UIView+WebCache.h */,
				B32019DF21BF89160035E846 /* UIView+WebCacheOperation.h */,
				B32019E021BF89160035E846 /* SDWebImageCoder.m */,
				B32019E121BF89160035E846 /* NSButton+WebCache.m */,
				B32019E221BF89160035E846 /* MKAnnotationView+WebCache.h */,
				B32019E321BF89160035E846 /* UIImage+WebP.h */,
				B32019E421BF89160035E846 /* SDAnimatedImageRep.m */,
				B32019E521BF89160035E846 /* SDImageCache.m */,
				B32019E621BF89160035E846 /* SDWebImageFrame.h */,
				B32019E721BF89160035E846 /* UIImageView+HighlightedWebCache.h */,
				B32019E821BF89160035E846 /* SDWebImageDownloaderOperation.m */,
				B32019E921BF89160035E846 /* SDWebImageTransition.m */,
				B32019EA21BF89160035E846 /* SDWebImageManager.h */,
				B32019EB21BF89160035E846 /* NSData+ImageContentType.m */,
				B32019EC21BF89160035E846 /* UIImageView+WebCache.m */,
				B32019ED21BF89160035E846 /* SDWebImageOperation.h */,
				B32019EE21BF89160035E846 /* NSImage+WebCache.m */,
				B32019EF21BF89160035E846 /* SDWebImageGIFCoder.m */,
				B32019F021BF89160035E846 /* SDWebImageDownloader.h */,
				B32019F121BF89160035E846 /* SDImageCacheConfig.m */,
				B32019F221BF89160035E846 /* SDWebImageCodersManager.h */,
				B32019F321BF89160035E846 /* UIImage+ForceDecode.h */,
				B32019F421BF89160035E846 /* UIView+WebCacheOperation.m */,
				B32019F521BF89160035E846 /* UIView+WebCache.m */,
				B32019F621BF89160035E846 /* SDWebImagePrefetcher.h */,
				B32019F721BF89160035E846 /* SDWebImageImageIOCoder.m */,
				B32019F821BF89160035E846 /* SDWebImageCompat.h */,
				B32019F921BF89160035E846 /* SDWebImageCoderHelper.h */,
				B32019FA21BF89160035E846 /* UIImage+MultiFormat.h */,
				B32019FB21BF89160035E846 /* UIButton+WebCache.m */,
				B32019FC21BF89160035E846 /* SDWebImageWebPCoder.m */,
				B32019FD21BF89160035E846 /* UIImage+GIF.h */,
			);
			path = SDWebImage;
			sourceTree = "<group>";
		};
		B32019D121BF89160035E846 /* FLAnimatedImage */ = {
			isa = PBXGroup;
			children = (
				B32019D221BF89160035E846 /* FLAnimatedImageView+WebCache.m */,
				B32019D321BF89160035E846 /* FLAnimatedImageView+WebCache.h */,
			);
			path = FLAnimatedImage;
			sourceTree = "<group>";
		};
		B3201A7B21BFB2710035E846 /* PhotoBrowser */ = {
			isa = PBXGroup;
			children = (
				B3201A7C21BFB2710035E846 /* PhotoBrowserViewController.h */,
				B3201A8021BFB2710035E846 /* PhotoBrowserViewController.m */,
				B3201A8121BFB2710035E846 /* UIView+Frame.h */,
				B3201A7D21BFB2710035E846 /* UIView+Frame.m */,
				B3201A7F21BFB2710035E846 /* PhotoBrowserWaitingView.h */,
				B3201A8221BFB2710035E846 /* PhotoBrowserWaitingView.m */,
				B3201A7E21BFB2710035E846 /* PhotoBrowserCell.h */,
				B3201A8321BFB2710035E846 /* PhotoBrowserCell.m */,
			);
			path = PhotoBrowser;
			sourceTree = "<group>";
		};
		B32A4AE4218ACC3B00B72F8E = {
			isa = PBXGroup;
			children = (
				B32A4AEF218ACC3B00B72F8E /* PhotoBrowserDemo */,
				B32A4B08218ACC4A00B72F8E /* PhotoBrowserDemoTests */,
				B32A4B13218ACC4A00B72F8E /* PhotoBrowserDemoUITests */,
				B32A4AEE218ACC3B00B72F8E /* Products */,
			);
			sourceTree = "<group>";
		};
		B32A4AEE218ACC3B00B72F8E /* Products */ = {
			isa = PBXGroup;
			children = (
				B32A4AED218ACC3B00B72F8E /* PhotoBrowserDemo.app */,
				B32A4B05218ACC4A00B72F8E /* PhotoBrowserDemoTests.xctest */,
				B32A4B10218ACC4A00B72F8E /* PhotoBrowserDemoUITests.xctest */,
			);
			name = Products;
			sourceTree = "<group>";
		};
		B32A4AEF218ACC3B00B72F8E /* PhotoBrowserDemo */ = {
			isa = PBXGroup;
			children = (
				B31236E721D4C5FC00DB0A7F /* FLAnimatedImage */,
				B3201A7B21BFB2710035E846 /* PhotoBrowser */,
				B32019BF21BF89160035E846 /* SDWebImage */,
				B32A4AF0218ACC3C00B72F8E /* AppDelegate.h */,
				B32A4AF1218ACC3C00B72F8E /* AppDelegate.m */,
				B3E3559B218AE8B900917197 /* RootViewController.h */,
				B3E3559C218AE8B900917197 /* RootViewController.m */,
				B3E3559D218AE8B900917197 /* RootViewController.xib */,
				B32A4AF6218ACC3C00B72F8E /* Main.storyboard */,
				B32A4AF9218ACC4A00B72F8E /* Assets.xcassets */,
				B32A4AFB218ACC4A00B72F8E /* LaunchScreen.storyboard */,
				B32A4AFE218ACC4A00B72F8E /* Info.plist */,
				B32A4AFF218ACC4A00B72F8E /* main.m */,
			);
			path = PhotoBrowserDemo;
			sourceTree = "<group>";
		};
		B32A4B08218ACC4A00B72F8E /* PhotoBrowserDemoTests */ = {
			isa = PBXGroup;
			children = (
				B32A4B09218ACC4A00B72F8E /* PhotoBrowserDemoTests.m */,
				B32A4B0B218ACC4A00B72F8E /* Info.plist */,
			);
			path = PhotoBrowserDemoTests;
			sourceTree = "<group>";
		};
		B32A4B13218ACC4A00B72F8E /* PhotoBrowserDemoUITests */ = {
			isa = PBXGroup;
			children = (
				B32A4B14218ACC4A00B72F8E /* PhotoBrowserDemoUITests.m */,
				B32A4B16218ACC4A00B72F8E /* Info.plist */,
			);
			path = PhotoBrowserDemoUITests;
			sourceTree = "<group>";
		};
/* End PBXGroup section */

/* Begin PBXNativeTarget section */
		B32A4AEC218ACC3B00B72F8E /* PhotoBrowserDemo */ = {
			isa = PBXNativeTarget;
			buildConfigurationList = B32A4B19218ACC4A00B72F8E /* Build configuration list for PBXNativeTarget "PhotoBrowserDemo" */;
			buildPhases = (
				B32A4AE9218ACC3B00B72F8E /* Sources */,
				B32A4AEA218ACC3B00B72F8E /* Frameworks */,
				B32A4AEB218ACC3B00B72F8E /* Resources */,
			);
			buildRules = (
			);
			dependencies = (
			);
			name = PhotoBrowserDemo;
			productName = PhotoBrowserDemo;
			productReference = B32A4AED218ACC3B00B72F8E /* PhotoBrowserDemo.app */;
			productType = "com.apple.product-type.application";
		};
		B32A4B04218ACC4A00B72F8E /* PhotoBrowserDemoTests */ = {
			isa = PBXNativeTarget;
			buildConfigurationList = B32A4B1C218ACC4A00B72F8E /* Build configuration list for PBXNativeTarget "PhotoBrowserDemoTests" */;
			buildPhases = (
				B32A4B01218ACC4A00B72F8E /* Sources */,
				B32A4B02218ACC4A00B72F8E /* Frameworks */,
				B32A4B03218ACC4A00B72F8E /* Resources */,
			);
			buildRules = (
			);
			dependencies = (
				B32A4B07218ACC4A00B72F8E /* PBXTargetDependency */,
			);
			name = PhotoBrowserDemoTests;
			productName = PhotoBrowserDemoTests;
			productReference = B32A4B05218ACC4A00B72F8E /* PhotoBrowserDemoTests.xctest */;
			productType = "com.apple.product-type.bundle.unit-test";
		};
		B32A4B0F218ACC4A00B72F8E /* PhotoBrowserDemoUITests */ = {
			isa = PBXNativeTarget;
			buildConfigurationList = B32A4B1F218ACC4A00B72F8E /* Build configuration list for PBXNativeTarget "PhotoBrowserDemoUITests" */;
			buildPhases = (
				B32A4B0C218ACC4A00B72F8E /* Sources */,
				B32A4B0D218ACC4A00B72F8E /* Frameworks */,
				B32A4B0E218ACC4A00B72F8E /* Resources */,
			);
			buildRules = (
			);
			dependencies = (
				B32A4B12218ACC4A00B72F8E /* PBXTargetDependency */,
			);
			name = PhotoBrowserDemoUITests;
			productName = PhotoBrowserDemoUITests;
			productReference = B32A4B10218ACC4A00B72F8E /* PhotoBrowserDemoUITests.xctest */;
			productType = "com.apple.product-type.bundle.ui-testing";
		};
/* End PBXNativeTarget section */

/* Begin PBXProject section */
		B32A4AE5218ACC3B00B72F8E /* Project object */ = {
			isa = PBXProject;
			attributes = {
				LastUpgradeCheck = 0940;
				ORGANIZATIONNAME = personal;
				TargetAttributes = {
					B32A4AEC218ACC3B00B72F8E = {
						CreatedOnToolsVersion = 9.4.1;
					};
					B32A4B04218ACC4A00B72F8E = {
						CreatedOnToolsVersion = 9.4.1;
						TestTargetID = B32A4AEC218ACC3B00B72F8E;
					};
					B32A4B0F218ACC4A00B72F8E = {
						CreatedOnToolsVersion = 9.4.1;
						TestTargetID = B32A4AEC218ACC3B00B72F8E;
					};
				};
			};
			buildConfigurationList = B32A4AE8218ACC3B00B72F8E /* Build configuration list for PBXProject "PhotoBrowserDemo" */;
			compatibilityVersion = "Xcode 9.3";
			developmentRegion = en;
			hasScannedForEncodings = 0;
			knownRegions = (
				en,
				Base,
			);
			mainGroup = B32A4AE4218ACC3B00B72F8E;
			productRefGroup = B32A4AEE218ACC3B00B72F8E /* Products */;
			projectDirPath = "";
			projectRoot = "";
			targets = (
				B32A4AEC218ACC3B00B72F8E /* PhotoBrowserDemo */,
				B32A4B04218ACC4A00B72F8E /* PhotoBrowserDemoTests */,
				B32A4B0F218ACC4A00B72F8E /* PhotoBrowserDemoUITests */,
			);
		};
/* End PBXProject section */

/* Begin PBXResourcesBuildPhase section */
		B32A4AEB218ACC3B00B72F8E /* Resources */ = {
			isa = PBXResourcesBuildPhase;
			buildActionMask = 2147483647;
			files = (
				B32A4AFD218ACC4A00B72F8E /* LaunchScreen.storyboard in Resources */,
				B3E3559F218AE8B900917197 /* RootViewController.xib in Resources */,
				B32A4AFA218ACC4A00B72F8E /* Assets.xcassets in Resources */,
				B32A4AF8218ACC3C00B72F8E /* Main.storyboard in Resources */,
			);
			runOnlyForDeploymentPostprocessing = 0;
		};
		B32A4B03218ACC4A00B72F8E /* Resources */ = {
			isa = PBXResourcesBuildPhase;
			buildActionMask = 2147483647;
			files = (
			);
			runOnlyForDeploymentPostprocessing = 0;
		};
		B32A4B0E218ACC4A00B72F8E /* Resources */ = {
			isa = PBXResourcesBuildPhase;
			buildActionMask = 2147483647;
			files = (
			);
			runOnlyForDeploymentPostprocessing = 0;
		};
/* End PBXResourcesBuildPhase section */

/* Begin PBXSourcesBuildPhase section */
		B32A4AE9218ACC3B00B72F8E /* Sources */ = {
			isa = PBXSourcesBuildPhase;
			buildActionMask = 2147483647;
			files = (
				B3201A8621BFB2710035E846 /* PhotoBrowserWaitingView.m in Sources */,
				B3E3559E218AE8B900917197 /* RootViewController.m in Sources */,
				B3201A1521BF89170035E846 /* SDWebImageDownloaderOperation.m in Sources */,
				B3201A1C21BF89170035E846 /* UIView+WebCacheOperation.m in Sources */,
				B3201A0E21BF89170035E846 /* SDWebImageCoderHelper.m in Sources */,
				B3201A0721BF89170035E846 /* SDWebImageFrame.m in Sources */,
				B3201A2021BF89170035E846 /* SDWebImageWebPCoder.m in Sources */,
				B3201A0321BF89170035E846 /* UIImage+WebP.m in Sources */,
				B32A4B00218ACC4A00B72F8E /* main.m in Sources */,
				B32A4AF2218ACC3C00B72F8E /* AppDelegate.m in Sources */,
				B3201A1D21BF89170035E846 /* UIView+WebCache.m in Sources */,
				B31236ED21D4C5FC00DB0A7F /* FLAnimatedImageView.m in Sources */,
				B3201A8421BFB2710035E846 /* UIView+Frame.m in Sources */,
				B3201A0621BF89170035E846 /* UIImageView+HighlightedWebCache.m in Sources */,
				B3201A0B21BF89170035E846 /* SDWebImageDownloader.m in Sources */,
				B3201A0521BF89170035E846 /* SDWebImageManager.m in Sources */,
				B3201A1621BF89170035E846 /* SDWebImageTransition.m in Sources */,
				B3201A1921BF89170035E846 /* NSImage+WebCache.m in Sources */,
				B3201A1121BF89170035E846 /* SDWebImageCoder.m in Sources */,
				B3201A0A21BF89170035E846 /* FLAnimatedImageView+WebCache.m in Sources */,
				B3201A1E21BF89170035E846 /* SDWebImageImageIOCoder.m in Sources */,
				B3201A8721BFB2710035E846 /* PhotoBrowserCell.m in Sources */,
				B3201A0921BF89170035E846 /* SDWebImageCodersManager.m in Sources */,
				B3201A1B21BF89170035E846 /* SDImageCacheConfig.m in Sources */,
				B3201A1721BF89170035E846 /* NSData+ImageContentType.m in Sources */,
				B3201A8521BFB2710035E846 /* PhotoBrowserViewController.m in Sources */,
				B3201A1021BF89170035E846 /* SDWebImagePrefetcher.m in Sources */,
				B3201A1F21BF89170035E846 /* UIButton+WebCache.m in Sources */,
				B3201A0421BF89170035E846 /* MKAnnotationView+WebCache.m in Sources */,
				B3201A0821BF89170035E846 /* UIImage+ForceDecode.m in Sources */,
				B3201A1321BF89170035E846 /* SDAnimatedImageRep.m in Sources */,
				B3201A0F21BF89170035E846 /* SDWebImageCompat.m in Sources */,
				B3201A0D21BF89170035E846 /* UIImage+MultiFormat.m in Sources */,
				B3201A1221BF89170035E846 /* NSButton+WebCache.m in Sources */,
				B3201A1821BF89170035E846 /* UIImageView+WebCache.m in Sources */,
				B31236EC21D4C5FC00DB0A7F /* FLAnimatedImage.m in Sources */,
				B3201A0C21BF89170035E846 /* UIImage+GIF.m in Sources */,
				B3201A1421BF89170035E846 /* SDImageCache.m in Sources */,
				B3201A1A21BF89170035E846 /* SDWebImageGIFCoder.m in Sources */,
			);
			runOnlyForDeploymentPostprocessing = 0;
		};
		B32A4B01218ACC4A00B72F8E /* Sources */ = {
			isa = PBXSourcesBuildPhase;
			buildActionMask = 2147483647;
			files = (
				B32A4B0A218ACC4A00B72F8E /* PhotoBrowserDemoTests.m in Sources */,
			);
			runOnlyForDeploymentPostprocessing = 0;
		};
		B32A4B0C218ACC4A00B72F8E /* Sources */ = {
			isa = PBXSourcesBuildPhase;
			buildActionMask = 2147483647;
			files = (
				B32A4B15218ACC4A00B72F8E /* PhotoBrowserDemoUITests.m in Sources */,
			);
			runOnlyForDeploymentPostprocessing = 0;
		};
/* End PBXSourcesBuildPhase section */

/* Begin PBXTargetDependency section */
		B32A4B07218ACC4A00B72F8E /* PBXTargetDependency */ = {
			isa = PBXTargetDependency;
			target = B32A4AEC218ACC3B00B72F8E /* PhotoBrowserDemo */;
			targetProxy = B32A4B06218ACC4A00B72F8E /* PBXContainerItemProxy */;
		};
		B32A4B12218ACC4A00B72F8E /* PBXTargetDependency */ = {
			isa = PBXTargetDependency;
			target = B32A4AEC218ACC3B00B72F8E /* PhotoBrowserDemo */;
			targetProxy = B32A4B11218ACC4A00B72F8E /* PBXContainerItemProxy */;
		};
/* End PBXTargetDependency section */

/* Begin PBXVariantGroup section */
		B32A4AF6218ACC3C00B72F8E /* Main.storyboard */ = {
			isa = PBXVariantGroup;
			children = (
				B32A4AF7218ACC3C00B72F8E /* Base */,
			);
			name = Main.storyboard;
			sourceTree = "<group>";
		};
		B32A4AFB218ACC4A00B72F8E /* LaunchScreen.storyboard */ = {
			isa = PBXVariantGroup;
			children = (
				B32A4AFC218ACC4A00B72F8E /* Base */,
			);
			name = LaunchScreen.storyboard;
			sourceTree = "<group>";
		};
/* End PBXVariantGroup section */

/* Begin XCBuildConfiguration section */
		B32A4B17218ACC4A00B72F8E /* Debug */ = {
			isa = XCBuildConfiguration;
			buildSettings = {
				ALWAYS_SEARCH_USER_PATHS = NO;
				CLANG_ANALYZER_NONNULL = YES;
				CLANG_ANALYZER_NUMBER_OBJECT_CONVERSION = YES_AGGRESSIVE;
				CLANG_CXX_LANGUAGE_STANDARD = "gnu++14";
				CLANG_CXX_LIBRARY = "libc++";
				CLANG_ENABLE_MODULES = YES;
				CLANG_ENABLE_OBJC_ARC = YES;
				CLANG_ENABLE_OBJC_WEAK = YES;
				CLANG_WARN_BLOCK_CAPTURE_AUTORELEASING = YES;
				CLANG_WARN_BOOL_CONVERSION = YES;
				CLANG_WARN_COMMA = YES;
				CLANG_WARN_CONSTANT_CONVERSION = YES;
				CLANG_WARN_DEPRECATED_OBJC_IMPLEMENTATIONS = YES;
				CLANG_WARN_DIRECT_OBJC_ISA_USAGE = YES_ERROR;
				CLANG_WARN_DOCUMENTATION_COMMENTS = YES;
				CLANG_WARN_EMPTY_BODY = YES;
				CLANG_WARN_ENUM_CONVERSION = YES;
				CLANG_WARN_INFINITE_RECURSION = YES;
				CLANG_WARN_INT_CONVERSION = YES;
				CLANG_WARN_NON_LITERAL_NULL_CONVERSION = YES;
				CLANG_WARN_OBJC_IMPLICIT_RETAIN_SELF = YES;
				CLANG_WARN_OBJC_LITERAL_CONVERSION = YES;
				CLANG_WARN_OBJC_ROOT_CLASS = YES_ERROR;
				CLANG_WARN_RANGE_LOOP_ANALYSIS = YES;
				CLANG_WARN_STRICT_PROTOTYPES = YES;
				CLANG_WARN_SUSPICIOUS_MOVE = YES;
				CLANG_WARN_UNGUARDED_AVAILABILITY = YES_AGGRESSIVE;
				CLANG_WARN_UNREACHABLE_CODE = YES;
				CLANG_WARN__DUPLICATE_METHOD_MATCH = YES;
				CODE_SIGN_IDENTITY = "iPhone Developer";
				COPY_PHASE_STRIP = NO;
				DEBUG_INFORMATION_FORMAT = dwarf;
				ENABLE_STRICT_OBJC_MSGSEND = YES;
				ENABLE_TESTABILITY = YES;
				GCC_C_LANGUAGE_STANDARD = gnu11;
				GCC_DYNAMIC_NO_PIC = NO;
				GCC_NO_COMMON_BLOCKS = YES;
				GCC_OPTIMIZATION_LEVEL = 0;
				GCC_PREPROCESSOR_DEFINITIONS = (
					"DEBUG=1",
					"$(inherited)",
				);
				GCC_WARN_64_TO_32_BIT_CONVERSION = YES;
				GCC_WARN_ABOUT_RETURN_TYPE = YES_ERROR;
				GCC_WARN_UNDECLARED_SELECTOR = YES;
				GCC_WARN_UNINITIALIZED_AUTOS = YES_AGGRESSIVE;
				GCC_WARN_UNUSED_FUNCTION = YES;
				GCC_WARN_UNUSED_VARIABLE = YES;
				IPHONEOS_DEPLOYMENT_TARGET = 11.4;
				MTL_ENABLE_DEBUG_INFO = YES;
				ONLY_ACTIVE_ARCH = YES;
				SDKROOT = iphoneos;
			};
			name = Debug;
		};
		B32A4B18218ACC4A00B72F8E /* Release */ = {
			isa = XCBuildConfiguration;
			buildSettings = {
				ALWAYS_SEARCH_USER_PATHS = NO;
				CLANG_ANALYZER_NONNULL = YES;
				CLANG_ANALYZER_NUMBER_OBJECT_CONVERSION = YES_AGGRESSIVE;
				CLANG_CXX_LANGUAGE_STANDARD = "gnu++14";
				CLANG_CXX_LIBRARY = "libc++";
				CLANG_ENABLE_MODULES = YES;
				CLANG_ENABLE_OBJC_ARC = YES;
				CLANG_ENABLE_OBJC_WEAK = YES;
				CLANG_WARN_BLOCK_CAPTURE_AUTORELEASING = YES;
				CLANG_WARN_BOOL_CONVERSION = YES;
				CLANG_WARN_COMMA = YES;
				CLANG_WARN_CONSTANT_CONVERSION = YES;
				CLANG_WARN_DEPRECATED_OBJC_IMPLEMENTATIONS = YES;
				CLANG_WARN_DIRECT_OBJC_ISA_USAGE = YES_ERROR;
				CLANG_WARN_DOCUMENTATION_COMMENTS = YES;
				CLANG_WARN_EMPTY_BODY = YES;
				CLANG_WARN_ENUM_CONVERSION = YES;
				CLANG_WARN_INFINITE_RECURSION = YES;
				CLANG_WARN_INT_CONVERSION = YES;
				CLANG_WARN_NON_LITERAL_NULL_CONVERSION = YES;
				CLANG_WARN_OBJC_IMPLICIT_RETAIN_SELF = YES;
				CLANG_WARN_OBJC_LITERAL_CONVERSION = YES;
				CLANG_WARN_OBJC_ROOT_CLASS = YES_ERROR;
				CLANG_WARN_RANGE_LOOP_ANALYSIS = YES;
				CLANG_WARN_STRICT_PROTOTYPES = YES;
				CLANG_WARN_SUSPICIOUS_MOVE = YES;
				CLANG_WARN_UNGUARDED_AVAILABILITY = YES_AGGRESSIVE;
				CLANG_WARN_UNREACHABLE_CODE = YES;
				CLANG_WARN__DUPLICATE_METHOD_MATCH = YES;
				CODE_SIGN_IDENTITY = "iPhone Developer";
				COPY_PHASE_STRIP = NO;
				DEBUG_INFORMATION_FORMAT = "dwarf-with-dsym";
				ENABLE_NS_ASSERTIONS = NO;
				ENABLE_STRICT_OBJC_MSGSEND = YES;
				GCC_C_LANGUAGE_STANDARD = gnu11;
				GCC_NO_COMMON_BLOCKS = YES;
				GCC_WARN_64_TO_32_BIT_CONVERSION = YES;
				GCC_WARN_ABOUT_RETURN_TYPE = YES_ERROR;
				GCC_WARN_UNDECLARED_SELECTOR = YES;
				GCC_WARN_UNINITIALIZED_AUTOS = YES_AGGRESSIVE;
				GCC_WARN_UNUSED_FUNCTION = YES;
				GCC_WARN_UNUSED_VARIABLE = YES;
				IPHONEOS_DEPLOYMENT_TARGET = 11.4;
				MTL_ENABLE_DEBUG_INFO = NO;
				SDKROOT = iphoneos;
				VALIDATE_PRODUCT = YES;
			};
			name = Release;
		};
		B32A4B1A218ACC4A00B72F8E /* Debug */ = {
			isa = XCBuildConfiguration;
			buildSettings = {
				ASSETCATALOG_COMPILER_APPICON_NAME = AppIcon;
				CODE_SIGN_STYLE = Automatic;
				DEVELOPMENT_TEAM = NQ73GGTJNA;
				INFOPLIST_FILE = PhotoBrowserDemo/Info.plist;
				IPHONEOS_DEPLOYMENT_TARGET = 9.0;
				LD_RUNPATH_SEARCH_PATHS = (
					"$(inherited)",
					"@executable_path/Frameworks",
				);
				PRODUCT_BUNDLE_IDENTIFIER = com.qianfei.PhotoBrowserDemo;
				PRODUCT_NAME = "$(TARGET_NAME)";
				TARGETED_DEVICE_FAMILY = "1,2";
			};
			name = Debug;
		};
		B32A4B1B218ACC4A00B72F8E /* Release */ = {
			isa = XCBuildConfiguration;
			buildSettings = {
				ASSETCATALOG_COMPILER_APPICON_NAME = AppIcon;
				CODE_SIGN_STYLE = Automatic;
				DEVELOPMENT_TEAM = NQ73GGTJNA;
				INFOPLIST_FILE = PhotoBrowserDemo/Info.plist;
				IPHONEOS_DEPLOYMENT_TARGET = 9.0;
				LD_RUNPATH_SEARCH_PATHS = (
					"$(inherited)",
					"@executable_path/Frameworks",
				);
				PRODUCT_BUNDLE_IDENTIFIER = com.qianfei.PhotoBrowserDemo;
				PRODUCT_NAME = "$(TARGET_NAME)";
				TARGETED_DEVICE_FAMILY = "1,2";
			};
			name = Release;
		};
		B32A4B1D218ACC4A00B72F8E /* Debug */ = {
			isa = XCBuildConfiguration;
			buildSettings = {
				BUNDLE_LOADER = "$(TEST_HOST)";
				CODE_SIGN_STYLE = Automatic;
				DEVELOPMENT_TEAM = 26VW525SY4;
				INFOPLIST_FILE = PhotoBrowserDemoTests/Info.plist;
				LD_RUNPATH_SEARCH_PATHS = (
					"$(inherited)",
					"@executable_path/Frameworks",
					"@loader_path/Frameworks",
				);
				PRODUCT_BUNDLE_IDENTIFIER = com.qianfei.PhotoBrowserDemoTests;
				PRODUCT_NAME = "$(TARGET_NAME)";
				TARGETED_DEVICE_FAMILY = "1,2";
				TEST_HOST = "$(BUILT_PRODUCTS_DIR)/PhotoBrowserDemo.app/PhotoBrowserDemo";
			};
			name = Debug;
		};
		B32A4B1E218ACC4A00B72F8E /* Release */ = {
			isa = XCBuildConfiguration;
			buildSettings = {
				BUNDLE_LOADER = "$(TEST_HOST)";
				CODE_SIGN_STYLE = Automatic;
				DEVELOPMENT_TEAM = 26VW525SY4;
				INFOPLIST_FILE = PhotoBrowserDemoTests/Info.plist;
				LD_RUNPATH_SEARCH_PATHS = (
					"$(inherited)",
					"@executable_path/Frameworks",
					"@loader_path/Frameworks",
				);
				PRODUCT_BUNDLE_IDENTIFIER = com.qianfei.PhotoBrowserDemoTests;
				PRODUCT_NAME = "$(TARGET_NAME)";
				TARGETED_DEVICE_FAMILY = "1,2";
				TEST_HOST = "$(BUILT_PRODUCTS_DIR)/PhotoBrowserDemo.app/PhotoBrowserDemo";
			};
			name = Release;
		};
		B32A4B20218ACC4A00B72F8E /* Debug */ = {
			isa = XCBuildConfiguration;
			buildSettings = {
				CODE_SIGN_STYLE = Automatic;
				DEVELOPMENT_TEAM = 26VW525SY4;
				INFOPLIST_FILE = PhotoBrowserDemoUITests/Info.plist;
				LD_RUNPATH_SEARCH_PATHS = (
					"$(inherited)",
					"@executable_path/Frameworks",
					"@loader_path/Frameworks",
				);
				PRODUCT_BUNDLE_IDENTIFIER = com.qianfei.PhotoBrowserDemoUITests;
				PRODUCT_NAME = "$(TARGET_NAME)";
				TARGETED_DEVICE_FAMILY = "1,2";
				TEST_TARGET_NAME = PhotoBrowserDemo;
			};
			name = Debug;
		};
		B32A4B21218ACC4A00B72F8E /* Release */ = {
			isa = XCBuildConfiguration;
			buildSettings = {
				CODE_SIGN_STYLE = Automatic;
				DEVELOPMENT_TEAM = 26VW525SY4;
				INFOPLIST_FILE = PhotoBrowserDemoUITests/Info.plist;
				LD_RUNPATH_SEARCH_PATHS = (
					"$(inherited)",
					"@executable_path/Frameworks",
					"@loader_path/Frameworks",
				);
				PRODUCT_BUNDLE_IDENTIFIER = com.qianfei.PhotoBrowserDemoUITests;
				PRODUCT_NAME = "$(TARGET_NAME)";
				TARGETED_DEVICE_FAMILY = "1,2";
				TEST_TARGET_NAME = PhotoBrowserDemo;
			};
			name = Release;
		};
/* End XCBuildConfiguration section */

/* Begin XCConfigurationList section */
		B32A4AE8218ACC3B00B72F8E /* Build configuration list for PBXProject "PhotoBrowserDemo" */ = {
			isa = XCConfigurationList;
			buildConfigurations = (
				B32A4B17218ACC4A00B72F8E /* Debug */,
				B32A4B18218ACC4A00B72F8E /* Release */,
			);
			defaultConfigurationIsVisible = 0;
			defaultConfigurationName = Release;
		};
		B32A4B19218ACC4A00B72F8E /* Build configuration list for PBXNativeTarget "PhotoBrowserDemo" */ = {
			isa = XCConfigurationList;
			buildConfigurations = (
				B32A4B1A218ACC4A00B72F8E /* Debug */,
				B32A4B1B218ACC4A00B72F8E /* Release */,
			);
			defaultConfigurationIsVisible = 0;
			defaultConfigurationName = Release;
		};
		B32A4B1C218ACC4A00B72F8E /* Build configuration list for PBXNativeTarget "PhotoBrowserDemoTests" */ = {
			isa = XCConfigurationList;
			buildConfigurations = (
				B32A4B1D218ACC4A00B72F8E /* Debug */,
				B32A4B1E218ACC4A00B72F8E /* Release */,
			);
			defaultConfigurationIsVisible = 0;
			defaultConfigurationName = Release;
		};
		B32A4B1F218ACC4A00B72F8E /* Build configuration list for PBXNativeTarget "PhotoBrowserDemoUITests" */ = {
			isa = XCConfigurationList;
			buildConfigurations = (
				B32A4B20218ACC4A00B72F8E /* Debug */,
				B32A4B21218ACC4A00B72F8E /* Release */,
			);
			defaultConfigurationIsVisible = 0;
			defaultConfigurationName = Release;
		};
/* End XCConfigurationList section */
	};
	rootObject = B32A4AE5218ACC3B00B72F8E /* Project object */;
}
